
Microsoft Visual Studio Solution File, Format Version 12.00
# Visual Studio Version 17
VisualStudioVersion = 17.5.33516.290
MinimumVisualStudioVersion = 10.0.40219.1
Project("{FAE04EC0-301F-11D3-BF4B-00C04F79EFBC}") = "MyTables", "MyTables\MyTables.csproj", "{C45F49CD-D5CF-492A-BA08-486D32A5D0EC}"
EndProject
Global
	GlobalSection(SolutionConfigurationPlatforms) = preSolution
		Debug|Any CPU = Debug|Any CPU
		Release|Any CPU = Release|Any CPU
	EndGlobalSection
	GlobalSection(ProjectConfigurationPlatforms) = postSolution
		{C45F49CD-D5CF-492A-BA08-486D32A5D0EC}.Debug|Any CPU.ActiveCfg = Debug|Any CPU
		{C45F49CD-D5CF-492A-BA08-486D32A5D0EC}.Debug|Any CPU.Build.0 = Debug|Any CPU
		{C45F49CD-D5CF-492A-BA08-486D32A5D0EC}.Release|Any CPU.ActiveCfg = Release|Any CPU
		{C45F49CD-D5CF-492A-BA08-486D32A5D0EC}.Release|Any CPU.Build.0 = Release|Any CPU
	EndGlobalSection
	GlobalSection(SolutionProperties) = preSolution
		HideSolutionNode = FALSE
	EndGlobalSection
	GlobalSection(ExtensibilityGlobals) = postSolution
		SolutionGuid = {8D86EE93-E5AA-4BBE-A8C0-25676E9E43E5}
	EndGlobalSection
EndGlobal
